openapi: "3.0.2"
info:
  title: KLAY OPEN API
  version: "1.10.0"
  license:
    name: Apache 2.0
    url: https://www.apache.org/licenses/LICENSE-2.0.html

servers:
  - url: http://localhost:7151

paths:
  /debug/dumpBlock:
    post:
      operationId: dumpBlock
      summary: "[dumpBlock]"
      description: |
        Retrieves the state that corresponds to the block number and returns a list of accounts (including storage and code).

        **JSONRPC:** `debug_dumpBlock`

        **NOTE:** This function correctly returns the state for a few latest, currently 4, block numbers. Retrieving older block state is restricted depending on the value set for the command-line option --state.block-interval (default: 128). This means that the function performs the state retrieval against only the block numbers that are multiples of state.block-interval. For example, when state.block-interval is 128, this function returns the state for the block numbers "0x0", "0x80", "0x100", "0x180", and so on. If the block number is not a multiple of state.block-interval, it returns 'missing trie node' error.
      tags:
        - debug

      parameters:
        - name: blockNumberOrHash
          required: true
          schema:
            $ref: "../../../components/schemas/common/Common.yaml#/components/schemas/BlockNumberOrHashOrTag"
          description: Integer or hexadecimal block number, or the string "earliest", "latest" or "pending" as in the default block parameter, or block hash.
          in: query

      requestBody:
        content:
          application/json:
            schema:
              allOf:
                - $ref: "../../../components/requests/JsonRpcRequest.yaml#/components/schemas/JsonRpcRequest"
                - $ref: "#/components/schemas/DebugDumpBlockReq"

      responses:
        200:
          description: Return the block information.
          content:
            application/json:
              schema:
                allOf:
                  - $ref: "../../../components/responses/JsonRpcResponse.yaml#/components/schemas/JsonRpcResponse"
                  - $ref: "#/components/schemas/DebugDumpBlockResp"
      
      x-codeSamples:
        - lang: "curl"
          label: "Curl"
          source:
            $ref: "../../../code-samples/curl/klaytnDebug/blockchainInspection/dumpBlock.sh"
        # - lang: "java"
        #   label: "Java"
        #   source:
        #     $ref: ""
        - lang: "javascript"
          label: "Javascript"
          source:
            $ref: "../../../code-samples/javascript/klaytnDebug/blockchainInspection/dumpBlock.js"
        # - lang: "python"
        #   label: "Python"
        #   source:
        #     $ref: ""

components:
  schemas:
    DebugDumpBlockReq:
      type: object
      required:
        - method
        - params
      properties:
        method:
          type: string
          default: 'debug_dumpBlock'
        params:
          type: array
          items:
            anyOf:
              - $ref: "../../../components/schemas/common/Common.yaml#/components/schemas/BlockNumberOrHashOrTag"
          example: ["0x3111a0577f322e8fb54f78d9982a26ae7ca0f722"]
    DebugDumpBlockResp:
      type: object
      properties:
        result:
          type: object
          description: The block information.
          properties:
            account:
              type: object
              properties:
                balance:
                  type: string
                code:
                  type: string
                codeHash:
                  type: string
                nonce:
                  type: number
                root:
                  type: string
                storage:
                  type: object
            root:
              type: string
          example: {
            "accounts": {
              "0000000000000000000000000000000000000035": {
                "balance": "12800000000000000000",
                "nonce": 0,
                "root": "56e81f171bcc55a6ff8345e692c0f86e5b48e01b996cadc001622fb5e363b421",
                "codeHash": "62b00472fac99d94ccc52f5addac43d54c129cd2c6d2357c9557abea67efdec5",
                "code": "6080604052600436106100615763ffffffff7c01000000000000000000000000000000000000000000000000000000006000350416631a39d8ef81146100805780636353586b146100a757806370a08231146100ca578063fd6b7ef8146100f8575b3360009081526001602052604081208054349081019091558154019055005b34801561008c57600080fd5b5061009561010d565b60408051918252519081900360200190f35b6100c873ffffffffffffffffffffffffffffffffffffffff60043516610113565b005b3480156100d657600080fd5b5061009573ffffffffffffffffffffffffffffffffffffffff60043516610147565b34801561010457600080fd5b506100c8610159565b60005481565b73ffffffffffffffffffffffffffffffffffffffff1660009081526001602052604081208054349081019091558154019055565b60016020526000908152604090205481565b336000908152600160205260408120805490829055908111156101af57604051339082156108fc029083906000818181858888f193505050501561019c576101af565b3360009081526001602052604090208190555b505600a165627a7a723058201307c3756f4e627009187dcdbc0b3e286c13b98ba9279a25bfcc18dd8bcd73e40029",
                "storage": {}
              },
              "0000000000000000000000000000000000000036": {
                "balance": "12800000000000000000",
                "nonce": 1,
                "root": "56e81f171bcc55a6ff8345e692c0f86e5b48e01b996cadc001622fb5e363b421",
                "codeHash": "3f34b5d7038ae652086ba4847ede2668b26a50107c5258d1412f764b942e2661",
                "code": "6080604052600436106100615763ffffffff7c01000000000000000000000000000000000000000000000000000000006000350416631a39d8ef81146100805780636353586b146100a757806370a08231146100ca578063fd6b7ef8146100f8575b3360009081526001602052604081208054349081019091558154019055005b34801561008c57600080fd5b5061009561010d565b60408051918252519081900360200190f35b6100c873ffffffffffffffffffffffffffffffffffffffff60043516610113565b005b3480156100d657600080fd5b5061009573ffffffffffffffffffffffffffffffffffffffff60043516610147565b34801561010457600080fd5b506100c8610159565b60005481565b73ffffffffffffffffffffffffffffffffffffffff1660009081526001602052604081208054349081019091558154019055565b60016020526000908152604090205481565b336000908152600160205260408120805490829055908111156101af57604051339082156108fc029083906000818181858888f193505050501561019c576101af565b3360009081526001602052604090208190555b505600a165627a7a723058201307c3756f4e627009187dcdbc0b3e286c13b98ba9279a25bfcc18dd8bcd73e40029",
                "storage": {}
              },
            },
            "root": "70383c826d1161ec2f12d799023317d8da7775dd47b8502d2d7ef646d094d3a5"
          }

