openapi: "3.0.2"
info:
  title: KLAY OPEN API
  version: "1.10.0"
  license:
    name: Apache 2.0
    url: https://www.apache.org/licenses/LICENSE-2.0.html

servers:
  - url: http://localhost:7151

paths:
  /debug/printBlock:
    post:
      operationId: printBlock
      summary: "[printBlock]"
      description: |
        Retrieves a block and returns its pretty printed form.

        **JSONRPC:** `debug_printBlock`
      tags:
        - debug

      parameters:
        - name: blockNumberOrHash
          required: true
          schema:
            $ref: "../../../components/schemas/common/Common.yaml#/components/schemas/BlockNumberOrHashOrTag"
          description: Integer or hexadecimal block number, or the string "earliest", "latest" or "pending" as in the default block parameter, or block hash.
          in: query

      requestBody:
        content:
          application/json:
            schema:
              allOf:
                - $ref: "../../../components/requests/JsonRpcRequest.yaml#/components/schemas/JsonRpcRequest"
                - $ref: "#/components/schemas/PrintBlockReq"

      responses:
        200:
          description: Return the dump of a block struct.
          content:
            application/json:
              schema:
                allOf:
                  - $ref: "../../../components/responses/JsonRpcResponse.yaml#/components/schemas/JsonRpcResponse"
                  - type: object
                    properties:
                      result:
                        type: string
                        description: Dump of a block struct.
                        example: "(*types.Block)(0xc4355b05a0)(Block(#65120): Size: 2.95 kB {\nMinerHash: 7a5f8d37d34be6d9d19c5f161756d607da62227bb725ddb2f372682d7a9f1445\nHeader(e96d6477acfeba8ba865c315020471dcf751aa1bddca77f469334ab0492d218f):\n[\n\tParentHash:       e768b5b7eeb1005fe130c26da744d47e042e9227cee675fa70c89ede38653aea\n\tCoinbase:         0000000000000000000000000000000000000000\n\tRewardbase:  ... 0000000000000000000000000000000000000000\n\tRoot:             4fd68a8f550cbd9ad665bc1a8021882ced5e1859fd9e28a48cb2910532b6ef27\n\tTxSha:            e3dbb8245038adcdc849de54af1d05f0c36c4c20d2710e31d525bd012d20a193\n\tReceiptSha:       212d4f453a897e2a486c86a4b120c1a850e89753865fe7f1aafa4"

      x-codeSamples:
        - lang: "curl"
          label: "Curl"
          source:
            $ref: "../../../code-samples/curl/klaytnDebug/blockchainInspection/printBlock.sh"
        # - lang: "java"
        #   label: "Java"
        #   source:
        #     $ref: ""
        - lang: "javascript"
          label: "Javascript"
          source:
           $ref: "../../../code-samples/javascript/klaytnDebug/blockchainInspection/printBlock.js"
        # - lang: "python"
        #   label: "Python"
        #   source:
        #     $ref: ""

components:
  schemas:
    PrintBlockReq:
      type: object
      required:
        - method
        - params
      properties:
        method:
          type: string
          default: 'debug_printBlock'
        params:
          type: array
          items:
            anyOf:
              - $ref: "../../../components/schemas/common/Common.yaml#/components/schemas/BlockNumberOrHashOrTag"
          example: []