openapi: "3.0.2"
info:
  title: Klay Open API
  version: "1.10.0"
  license:
    name: Apache 2.0
    url: https://www.apache.org/licenses/LICENSE-2.0.html

servers:
  - url: http://localhost:7151

paths:
  /debug/traceBlock:
    post:
      summary: "[traceBlock]"
      tags:
        - debug
      operationId: traceBlock
      description: |
        The traceBlock method will return a full stack trace of all invoked opcodes of all transactions that were included in this block.

        **NOTE:** the parent of this block must be present or it will fail.

        **JSONRPC:** `debug_traceBlock`

      parameters:
        - name: blockRlp
          in: query
          description: The RLP-encoded block.
          required: true
          schema:
            type: string
        - name: options
          in: query
          description: See tracing options.
          required: false
          schema:
            $ref: "../../../components/schemas/common/Common.yaml#/components/schemas/TracingOptions"

      requestBody:
        content:
          application/json:
            schema:
              allOf:
                - $ref: "../../../components/requests/JsonRpcRequest.yaml#/components/schemas/JsonRpcRequest"
                - $ref: "#/components/schemas/DebugTraceBlockReq"

      responses:
        200:
          description: The structured logs created during the execution of KLVM.
          content:
            application/json:
              schema:
                allOf:
                  - $ref: "../../../components/responses/JsonRpcResponse.yaml#/components/schemas/JsonRpcResponse"
                  - $ref: "#/components/schemas/DebugTraceBlockResp"

      x-codeSamples:
        - lang: "curl"
          label: "Curl"
          source:
            $ref: "../../../code-samples/curl/debug/vMTracing/traceBlock.sh"
        - lang: "java"
          label: "Java"
          source:
            $ref: "../../../code-samples/java/src/main/java/opensdk/sdk/apis/klaytnDebug/vMTracing/DebugTraceBlockExample.java"
        - lang: "javascript"
          label: "Javascript"
          source:
           $ref: "../../../code-samples/javascript/debug/vMTracing/traceBlock.js"
        - lang: "python"
          label: "Python"
          source:
            $ref: "../../../code-samples/python/debug/vMTracing/traceBlock.py"

components:
  schemas:
    DebugTraceBlockReq:
      type: object
      properties:
        method:
          type: string
          default: debug_traceBlock
        params:
          type: array
          items:
            anyOf:
              - title: BlockRlp
                type: string
                description: The RLP-encoded block.
              - $ref: "../../../components/schemas/common/Common.yaml#/components/schemas/TracingOptions"
          example: ["0xf9059ef9033ea0b3fdad1b5407c0e9b05615a7f4187046387cdc2fb25bbb15152e9113a93b79e794a86fd667c6a340c53cc5d796ba84dbe1f29cb2f7a0d6e1c132b8f7167b134db1f564898c1e969fa491a7d9569fbea6bbd7e549c28ea082fec4a7ffeabaacda60293276c3048911a496d3613fabaccd336bf517209b4ba0ce610626f0d277da8690e3733cfac2bbbf4e60d6a21066318c33b8ab38860d4cb9010000000800040000000000000000040000000000000000000000000000008000000000000000000000000000000000000010000000100208000000000000000040900000000000000000000000002000000000000001000000000000000002000010000000020000000000000000000800400000000400000002000000180000000000000000000000000000000000000000000480000400000010000000000000000000001000000000000000000000000000000000000000000000000000000000000000400000000000020000000008000010000000000000000000002020000000000081000000000000080000000008000000000000000000000002000020018407346fb583051e7c84644836443ab90187d683010a02846b6c617986676f312e3138856c696e7578000000000000000000f90164f85494571e53df607be97431a5bbefca1dffe5aef56f4d945cb1a7dccbd0dc446e3640898ede8820368554c89499fb17d324fa0e07f23b49d09028ac0919414db694b74ff9dea397fe9e231df545eb53fe2adf776cb2b841e567386ed4da423bd5979b0807d330cc61f290e0e1fb16718be8990a7d94baa94fff36abe1b957bd9bfb6f05a72e0501c2f6841db208594079c01d222306ca0d00f8c9b841472c3b009c531094beac9050329840e695daad3d4cad64536b53237ddfc153f55d284fcaa8b558309ef2190aa453c5f8577240d62a8eb52d98d7887407c5a9d901b841e4f780bcd37a5454a9a7c73ef463d44fa8ac10f20a0ae6f71dd4da77124d98f1388c6b0de1ab60ca89890b583af3f3e95802543ee859c19876b6842120f0a9a600b84140e74ee691d07e3194609fed2931c8801185a4f512a251649f106ed53dcc3f2e1a51b43eca7d91faf93922db35b06f579286bbc5dc0296319324eb1c59907af70080808505d21dba00f9025a31f8e380850ba43b74008405f5e10094fdeedbb2fe5b48d5b49e435ba00e0358740d0cf58094f00e108b66c543d7478461fe75733553b14993c284552984b3f847f8458207f6a03b12c0fd9df13cc079eb1765fbfb2752503421a253ac2f280ae8bf1eb2cb45b1a04860aa0b7c3a3ec80071477a1141d6df614cbdb886c5fe7e9bbcb532a00539f59449f16029074d13890ac9fe589cc913ffd58d39a8f847f8458207f6a03784c05e3ec8a7737df6c09b0a6674ea825e943b3dc6acc2120ada04e5d21904a028c0cd7df839740d610470f7d0d57b25832b9fed8a478f0e5552366a4671c2027802f8b68203e98302440f8459682f00850bfda3a300830493e09408e2425ce1fa5f8eb006d3898c48c5d3de44b79580b844202ee0ed00000000000000000000000000000000000000000000000000000000000244040000000000000000000000000000000000000000000000000000000005f5a0dac001a07f37d46064be9d403d7c589fb6c02b2433acaf4e2d0daf2391fc56383ff6cffca043ac3acd3e3acd4c989c8a449392ec4b488b850b1e40e8558f14b81dc64cbaff7802f8b68203e9830243048459682f00850bfda3a300830493e0944d92f10a23e28ab11d2d39325b9db0fd0504520d80b844202ee0ed00000000000000000000000000000000000000000000000000000000000242fc00000000000000000000000000000000000000000000000000000007cc6e734fc080a0f8e9f3404be26aa9a7c351cdd28eb1b605987c81f65d5be73c0cc79cfafedd20a05cad9db4cc8b7f8d1836383c8744a595a95506407fbbe77a74827b4b46176fe4"]

    DebugTraceBlockResp:
      type: object
      properties:
        result:
          type: object
          description: The structured logs created during the execution of KLVM.
          example: [
            {
              result: {
                failed: false,
                gas: 247922,
                returnValue: "60806040526004361061004c576000357c0100000000000000000000000000000000000000000000000000000000900463ffffffff16806341c0e1b514610051578063cfae321714610068575b600080fd5b34801561005d57600080fd5b506100666100f8565b005b34801561007457600080fd5b5061007d610168565b6040518080602001828103825283818151815260200191508051906020019080838360005b838110156100bd5780820151818401526020810190506100a2565b50505050905090810190601f1680156100ea5780820380516001836020036101000a031916815260200191505b509250505060405180910390f35b6000809054906101000a900473ffffffffffffffffffffffffffffffffffffffff1673ffffffffffffffffffffffffffffffffffffffff163373ffffffffffffffffffffffffffffffffffffffff161415610166573373ffffffffffffffffffffffffffffffffffffffff16ff5b565b606060018054600181600116156101000203166002900480601f0160208091040260200160405190810160405280929190818152602001828054600181600116156101000203166002900480156102005780601f106101d557610100808354040283529160200191610200565b820191906000526020600020905b8154815290600101906020018083116101e357829003601f168201915b50505050509050905600a165627a7a72305820f4e74ca2266a24aabd6a8ee6c4e54ad49014e2faa152e49e7f9d927c932c72870029",
                structLogs: [{"pc":2,"op":"PUSH1","gas":891341,"gasCost":3,"depth":1,"stack":["0000000000000000000000000000000000000000000000000000000000000080"],"memory":[],"storage":{}}, {...}]
              }
            }
          ]
